// !$*UTF8*$!
{
	archiveVersion = 1;
	classes = {
	};
	objectVersion = 46;
	objects = {

/* Begin PBXBuildFile section */
		84D276421F0E2EA300551BCD /* AppDelegate.swift in Sources */ = {isa = PBXBuildFile; fileRef = 84D276411F0E2EA300551BCD /* AppDelegate.swift */; };
		84D276441F0E2EA300551BCD /* ViewController.swift in Sources */ = {isa = PBXBuildFile; fileRef = 84D276431F0E2EA300551BCD /* ViewController.swift */; };
		84D276471F0E2EA300551BCD /* Main.storyboard in Resources */ = {isa = PBXBuildFile; fileRef = 84D276451F0E2EA300551BCD /* Main.storyboard */; };
		84D276491F0E2EA300551BCD /* Assets.xcassets in Resources */ = {isa = PBXBuildFile; fileRef = 84D276481F0E2EA300551BCD /* Assets.xcassets */; };
		84D2764C1F0E2EA300551BCD /* LaunchScreen.storyboard in Resources */ = {isa = PBXBuildFile; fileRef = 84D2764A1F0E2EA300551BCD /* LaunchScreen.storyboard */; };
		84D276571F0E2EA300551BCD /* collectionViewTests.swift in Sources */ = {isa = PBXBuildFile; fileRef = 84D276561F0E2EA300551BCD /* collectionViewTests.swift */; };
		84D276621F0E2EA300551BCD /* collectionViewUITests.swift in Sources */ = {isa = PBXBuildFile; fileRef = 84D276611F0E2EA300551BCD /* collectionViewUITests.swift */; };
		84D276701F0E32AD00551BCD /* ImageCollectionViewCell.swift in Sources */ = {isa = PBXBuildFile; fileRef = 84D2766F1F0E32AD00551BCD /* ImageCollectionViewCell.swift */; };
/* End PBXBuildFile section */

/* Begin PBXContainerItemProxy section */
		84D276531F0E2EA300551BCD /* PBXContainerItemProxy */ = {
			isa = PBXContainerItemProxy;
			containerPortal = 84D276361F0E2EA300551BCD /* Project object */;
			proxyType = 1;
			remoteGlobalIDString = 84D2763D1F0E2EA300551BCD;
			remoteInfo = collectionView;
		};
		84D2765E1F0E2EA300551BCD /* PBXContainerItemProxy */ = {
			isa = PBXContainerItemProxy;
			containerPortal = 84D276361F0E2EA300551BCD /* Project object */;
			proxyType = 1;
			remoteGlobalIDString = 84D2763D1F0E2EA300551BCD;
			remoteInfo = collectionView;
		};
/* End PBXContainerItemProxy section */

/* Begin PBXFileReference section */
		84D2763E1F0E2EA300551BCD /* collectionView.app */ = {isa = PBXFileReference; explicitFileType = wrapper.application; includeInIndex = 0; path = collectionView.app; sourceTree = BUILT_PRODUCTS_DIR; };
		84D276411F0E2EA300551BCD /* AppDelegate.swift */ = {isa = PBXFileReference; lastKnownFileType = sourcecode.swift; path = AppDelegate.swift; sourceTree = "<group>"; };
		84D276431F0E2EA300551BCD /* ViewController.swift */ = {isa = PBXFileReference; lastKnownFileType = sourcecode.swift; path = ViewController.swift; sourceTree = "<group>"; };
		84D276461F0E2EA300551BCD /* Base */ = {isa = PBXFileReference; lastKnownFileType = file.storyboard; name = Base; path = Base.lproj/Main.storyboard; sourceTree = "<group>"; };
		84D276481F0E2EA300551BCD /* Assets.xcassets */ = {isa = PBXFileReference; lastKnownFileType = folder.assetcatalog; path = Assets.xcassets; sourceTree = "<group>"; };
		84D2764B1F0E2EA300551BCD /* Base */ = {isa = PBXFileReference; lastKnownFileType = file.storyboard; name = Base; path = Base.lproj/LaunchScreen.storyboard; sourceTree = "<group>"; };
		84D2764D1F0E2EA300551BCD /* Info.plist */ = {isa = PBXFileReference; lastKnownFileType = text.plist.xml; path = Info.plist; sourceTree = "<group>"; };
		84D276521F0E2EA300551BCD /* collectionViewTests.xctest */ = {isa = PBXFileReference; explicitFileType = wrapper.cfbundle; includeInIndex = 0; path = collectionViewTests.xctest; sourceTree = BUILT_PRODUCTS_DIR; };
		84D276561F0E2EA300551BCD /* collectionViewTests.swift */ = {isa = PBXFileReference; lastKnownFileType = sourcecode.swift; path = collectionViewTests.swift; sourceTree = "<group>"; };
		84D276581F0E2EA300551BCD /* Info.plist */ = {isa = PBXFileReference; lastKnownFileType = text.plist.xml; path = Info.plist; sourceTree = "<group>"; };
		84D2765D1F0E2EA300551BCD /* collectionViewUITests.xctest */ = {isa = PBXFileReference; explicitFileType = wrapper.cfbundle; includeInIndex = 0; path = collectionViewUITests.xctest; sourceTree = BUILT_PRODUCTS_DIR; };
		84D276611F0E2EA300551BCD /* collectionViewUITests.swift */ = {isa = PBXFileReference; lastKnownFileType = sourcecode.swift; path = collectionViewUITests.swift; sourceTree = "<group>"; };
		84D276631F0E2EA300551BCD /* Info.plist */ = {isa = PBXFileReference; lastKnownFileType = text.plist.xml; path = Info.plist; sourceTree = "<group>"; };
		84D2766F1F0E32AD00551BCD /* ImageCollectionViewCell.swift */ = {isa = PBXFileReference; fileEncoding = 4; lastKnownFileType = sourcecode.swift; path = ImageCollectionViewCell.swift; sourceTree = "<group>"; };
/* End PBXFileReference section */

/* Begin PBXFrameworksBuildPhase section */
		84D2763B1F0E2EA300551BCD /* Frameworks */ = {
			isa = PBXFrameworksBuildPhase;
			buildActionMask = 2147483647;
			files = (
			);
			runOnlyForDeploymentPostprocessing = 0;
		};
		84D2764F1F0E2EA300551BCD /* Frameworks */ = {
			isa = PBXFrameworksBuildPhase;
			buildActionMask = 2147483647;
			files = (
			);
			runOnlyForDeploymentPostprocessing = 0;
		};
		84D2765A1F0E2EA300551BCD /* Frameworks */ = {
			isa = PBXFrameworksBuildPhase;
			buildActionMask = 2147483647;
			files = (
			);
			runOnlyForDeploymentPostprocessing = 0;
		};
/* End PBXFrameworksBuildPhase section */

/* Begin PBXGroup section */
		84D276351F0E2EA300551BCD = {
			isa = PBXGroup;
			children = (
				84D276401F0E2EA300551BCD /* collectionView */,
				84D276551F0E2EA300551BCD /* collectionViewTests */,
				84D276601F0E2EA300551BCD /* collectionViewUITests */,
				84D2763F1F0E2EA300551BCD /* Products */,
			);
			sourceTree = "<group>";
		};
		84D2763F1F0E2EA300551BCD /* Products */ = {
			isa = PBXGroup;
			children = (
				84D2763E1F0E2EA300551BCD /* collectionView.app */,
				84D276521F0E2EA300551BCD /* collectionViewTests.xctest */,
				84D2765D1F0E2EA300551BCD /* collectionViewUITests.xctest */,
			);
			name = Products;
			sourceTree = "<group>";
		};
		84D276401F0E2EA300551BCD /* collectionView */ = {
			isa = PBXGroup;
			children = (
				84D276411F0E2EA300551BCD /* AppDelegate.swift */,
				84D276431F0E2EA300551BCD /* ViewController.swift */,
				84D276451F0E2EA300551BCD /* Main.storyboard */,
				84D2766F1F0E32AD00551BCD /* ImageCollectionViewCell.swift */,
				84D276481F0E2EA300551BCD /* Assets.xcassets */,
				84D2764A1F0E2EA300551BCD /* LaunchScreen.storyboard */,
				84D2764D1F0E2EA300551BCD /* Info.plist */,
			);
			path = collectionView;
			sourceTree = "<group>";
		};
		84D276551F0E2EA300551BCD /* collectionViewTests */ = {
			isa = PBXGroup;
			children = (
				84D276561F0E2EA300551BCD /* collectionViewTests.swift */,
				84D276581F0E2EA300551BCD /* Info.plist */,
			);
			path = collectionViewTests;
			sourceTree = "<group>";
		};
		84D276601F0E2EA300551BCD /* collectionViewUITests */ = {
			isa = PBXGroup;
			children = (
				84D276611F0E2EA300551BCD /* collectionViewUITests.swift */,
				84D276631F0E2EA300551BCD /* Info.plist */,
			);
			path = collectionViewUITests;
			sourceTree = "<group>";
		};
/* End PBXGroup section */

/* Begin PBXNativeTarget section */
		84D2763D1F0E2EA300551BCD /* collectionView */ = {
			isa = PBXNativeTarget;
			buildConfigurationList = 84D276661F0E2EA300551BCD /* Build configuration list for PBXNativeTarget "collectionView" */;
			buildPhases = (
				84D2763A1F0E2EA300551BCD /* Sources */,
				84D2763B1F0E2EA300551BCD /* Frameworks */,
				84D2763C1F0E2EA300551BCD /* Resources */,
			);
			buildRules = (
			);
			dependencies = (
			);
			name = collectionView;
			productName = collectionView;
			productReference = 84D2763E1F0E2EA300551BCD /* collectionView.app */;
			productType = "com.apple.product-type.application";
		};
		84D276511F0E2EA300551BCD /* collectionViewTests */ = {
			isa = PBXNativeTarget;
			buildConfigurationList = 84D276691F0E2EA300551BCD /* Build configuration list for PBXNativeTarget "collectionViewTests" */;
			buildPhases = (
				84D2764E1F0E2EA300551BCD /* Sources */,
				84D2764F1F0E2EA300551BCD /* Frameworks */,
				84D276501F0E2EA300551BCD /* Resources */,
			);
			buildRules = (
			);
			dependencies = (
				84D276541F0E2EA300551BCD /* PBXTargetDependency */,
			);
			name = collectionViewTests;
			productName = collectionViewTests;
			productReference = 84D276521F0E2EA300551BCD /* collectionViewTests.xctest */;
			productType = "com.apple.product-type.bundle.unit-test";
		};
		84D2765C1F0E2EA300551BCD /* collectionViewUITests */ = {
			isa = PBXNativeTarget;
			buildConfigurationList = 84D2766C1F0E2EA300551BCD /* Build configuration list for PBXNativeTarget "collectionViewUITests" */;
			buildPhases = (
				84D276591F0E2EA300551BCD /* Sources */,
				84D2765A1F0E2EA300551BCD /* Frameworks */,
				84D2765B1F0E2EA300551BCD /* Resources */,
			);
			buildRules = (
			);
			dependencies = (
				84D2765F1F0E2EA300551BCD /* PBXTargetDependency */,
			);
			name = collectionViewUITests;
			productName = collectionViewUITests;
			productReference = 84D2765D1F0E2EA300551BCD /* collectionViewUITests.xctest */;
			productType = "com.apple.product-type.bundle.ui-testing";
		};
/* End PBXNativeTarget section */

/* Begin PBXProject section */
		84D276361F0E2EA300551BCD /* Project object */ = {
			isa = PBXProject;
			attributes = {
				LastSwiftUpdateCheck = 0830;
				LastUpgradeCheck = 0830;
				ORGANIZATIONNAME = indosystem;
				TargetAttributes = {
					84D2763D1F0E2EA300551BCD = {
						CreatedOnToolsVersion = 8.3.3;
						ProvisioningStyle = Automatic;
					};
					84D276511F0E2EA300551BCD = {
						CreatedOnToolsVersion = 8.3.3;
						ProvisioningStyle = Automatic;
						TestTargetID = 84D2763D1F0E2EA300551BCD;
					};
					84D2765C1F0E2EA300551BCD = {
						CreatedOnToolsVersion = 8.3.3;
						ProvisioningStyle = Automatic;
						TestTargetID = 84D2763D1F0E2EA300551BCD;
					};
				};
			};
			buildConfigurationList = 84D276391F0E2EA300551BCD /* Build configuration list for PBXProject "collectionView" */;
			compatibilityVersion = "Xcode 3.2";
			developmentRegion = English;
			hasScannedForEncodings = 0;
			knownRegions = (
				en,
				Base,
			);
			mainGroup = 84D276351F0E2EA300551BCD;
			productRefGroup = 84D2763F1F0E2EA300551BCD /* Products */;
			projectDirPath = "";
			projectRoot = "";
			targets = (
				84D2763D1F0E2EA300551BCD /* collectionView */,
				84D276511F0E2EA300551BCD /* collectionViewTests */,
				84D2765C1F0E2EA300551BCD /* collectionViewUITests */,
			);
		};
/* End PBXProject section */

/* Begin PBXResourcesBuildPhase section */
		84D2763C1F0E2EA300551BCD /* Resources */ = {
			isa = PBXResourcesBuildPhase;
			buildActionMask = 2147483647;
			files = (
				84D2764C1F0E2EA300551BCD /* LaunchScreen.storyboard in Resources */,
				84D276491F0E2EA300551BCD /* Assets.xcassets in Resources */,
				84D276471F0E2EA300551BCD /* Main.storyboard in Resources */,
			);
			runOnlyForDeploymentPostprocessing = 0;
		};
		84D276501F0E2EA300551BCD /* Resources */ = {
			isa = PBXResourcesBuildPhase;
			buildActionMask = 2147483647;
			files = (
			);
			runOnlyForDeploymentPostprocessing = 0;
		};
		84D2765B1F0E2EA300551BCD /* Resources */ = {
			isa = PBXResourcesBuildPhase;
			buildActionMask = 2147483647;
			files = (
			);
			runOnlyForDeploymentPostprocessing = 0;
		};
/* End PBXResourcesBuildPhase section */

/* Begin PBXSourcesBuildPhase section */
		84D2763A1F0E2EA300551BCD /* Sources */ = {
			isa = PBXSourcesBuildPhase;
			buildActionMask = 2147483647;
			files = (
				84D276701F0E32AD00551BCD /* ImageCollectionViewCell.swift in Sources */,
				84D276441F0E2EA300551BCD /* ViewController.swift in Sources */,
				84D276421F0E2EA300551BCD /* AppDelegate.swift in Sources */,
			);
			runOnlyForDeploymentPostprocessing = 0;
		};
		84D2764E1F0E2EA300551BCD /* Sources */ = {
			isa = PBXSourcesBuildPhase;
			buildActionMask = 2147483647;
			files = (
				84D276571F0E2EA300551BCD /* collectionViewTests.swift in Sources */,
			);
			runOnlyForDeploymentPostprocessing = 0;
		};
		84D276591F0E2EA300551BCD /* Sources */ = {
			isa = PBXSourcesBuildPhase;
			buildActionMask = 2147483647;
			files = (
				84D276621F0E2EA300551BCD /* collectionViewUITests.swift in Sources */,
			);
			runOnlyForDeploymentPostprocessing = 0;
		};
/* End PBXSourcesBuildPhase section */

/* Begin PBXTargetDependency section */
		84D276541F0E2EA300551BCD /* PBXTargetDependency */ = {
			isa = PBXTargetDependency;
			target = 84D2763D1F0E2EA300551BCD /* collectionView */;
			targetProxy = 84D276531F0E2EA300551BCD /* PBXContainerItemProxy */;
		};
		84D2765F1F0E2EA300551BCD /* PBXTargetDependency */ = {
			isa = PBXTargetDependency;
			target = 84D2763D1F0E2EA300551BCD /* collectionView */;
			targetProxy = 84D2765E1F0E2EA300551BCD /* PBXContainerItemProxy */;
		};
/* End PBXTargetDependency section */

/* Begin PBXVariantGroup section */
		84D276451F0E2EA300551BCD /* Main.storyboard */ = {
			isa = PBXVariantGroup;
			children = (
				84D276461F0E2EA300551BCD /* Base */,
			);
			name = Main.storyboard;
			sourceTree = "<group>";
		};
		84D2764A1F0E2EA300551BCD /* LaunchScreen.storyboard */ = {
			isa = PBXVariantGroup;
			children = (
				84D2764B1F0E2EA300551BCD /* Base */,
			);
			name = LaunchScreen.storyboard;
			sourceTree = "<group>";
		};
/* End PBXVariantGroup section */

/* Begin XCBuildConfiguration section */
		84D276641F0E2EA300551BCD /* Debug */ = {
			isa = XCBuildConfiguration;
			buildSettings = {
				ALWAYS_SEARCH_USER_PATHS = NO;
				CLANG_ANALYZER_NONNULL = YES;
				CLANG_ANALYZER_NUMBER_OBJECT_CONVERSION = YES_AGGRESSIVE;
				CLANG_CXX_LANGUAGE_STANDARD = "gnu++0x";
				CLANG_CXX_LIBRARY = "libc++";
				CLANG_ENABLE_MODULES = YES;
				CLANG_ENABLE_OBJC_ARC = YES;
				CLANG_WARN_BOOL_CONVERSION = YES;
				CLANG_WARN_CONSTANT_CONVERSION = YES;
				CLANG_WARN_DIRECT_OBJC_ISA_USAGE = YES_ERROR;
				CLANG_WARN_DOCUMENTATION_COMMENTS = YES;
				CLANG_WARN_EMPTY_BODY = YES;
				CLANG_WARN_ENUM_CONVERSION = YES;
				CLANG_WARN_INFINITE_RECURSION = YES;
				CLANG_WARN_INT_CONVERSION = YES;
				CLANG_WARN_OBJC_ROOT_CLASS = YES_ERROR;
				CLANG_WARN_SUSPICIOUS_MOVE = YES;
				CLANG_WARN_UNREACHABLE_CODE = YES;
				CLANG_WARN__DUPLICATE_METHOD_MATCH = YES;
				"CODE_SIGN_IDENTITY[sdk=iphoneos*]" = "iPhone Developer";
				COPY_PHASE_STRIP = NO;
				DEBUG_INFORMATION_FORMAT = dwarf;
				ENABLE_STRICT_OBJC_MSGSEND = YES;
				ENABLE_TESTABILITY = YES;
				GCC_C_LANGUAGE_STANDARD = gnu99;
				GCC_DYNAMIC_NO_PIC = NO;
				GCC_NO_COMMON_BLOCKS = YES;
				GCC_OPTIMIZATION_LEVEL = 0;
				GCC_PREPROCESSOR_DEFINITIONS = (
					"DEBUG=1",
					"$(inherited)",
				);
				GCC_WARN_64_TO_32_BIT_CONVERSION = YES;
				GCC_WARN_ABOUT_RETURN_TYPE = YES_ERROR;
				GCC_WARN_UNDECLARED_SELECTOR = YES;
				GCC_WARN_UNINITIALIZED_AUTOS = YES_AGGRESSIVE;
				GCC_WARN_UNUSED_FUNCTION = YES;
				GCC_WARN_UNUSED_VARIABLE = YES;
				IPHONEOS_DEPLOYMENT_TARGET = 10.3;
				MTL_ENABLE_DEBUG_INFO = YES;
				ONLY_ACTIVE_ARCH = YES;
				SDKROOT = iphoneos;
				SWIFT_ACTIVE_COMPILATION_CONDITIONS = DEBUG;
				SWIFT_OPTIMIZATION_LEVEL = "-Onone";
				TARGETED_DEVICE_FAMILY = "1,2";
			};
			name = Debug;
		};
		84D276651F0E2EA300551BCD /* Release */ = {
			isa = XCBuildConfiguration;
			buildSettings = {
				ALWAYS_SEARCH_USER_PATHS = NO;
				CLANG_ANALYZER_NONNULL = YES;
				CLANG_ANALYZER_NUMBER_OBJECT_CONVERSION = YES_AGGRESSIVE;
				CLANG_CXX_LANGUAGE_STANDARD = "gnu++0x";
				CLANG_CXX_LIBRARY = "libc++";
				CLANG_ENABLE_MODULES = YES;
				CLANG_ENABLE_OBJC_ARC = YES;
				CLANG_WARN_BOOL_CONVERSION = YES;
				CLANG_WARN_CONSTANT_CONVERSION = YES;
				CLANG_WARN_DIRECT_OBJC_ISA_USAGE = YES_ERROR;
				CLANG_WARN_DOCUMENTATION_COMMENTS = YES;
				CLANG_WARN_EMPTY_BODY = YES;
				CLANG_WARN_ENUM_CONVERSION = YES;
				CLANG_WARN_INFINITE_RECURSION = YES;
				CLANG_WARN_INT_CONVERSION = YES;
				CLANG_WARN_OBJC_ROOT_CLASS = YES_ERROR;
				CLANG_WARN_SUSPICIOUS_MOVE = YES;
				CLANG_WARN_UNREACHABLE_CODE = YES;
				CLANG_WARN__DUPLICATE_METHOD_MATCH = YES;
				"CODE_SIGN_IDENTITY[sdk=iphoneos*]" = "iPhone Developer";
				COPY_PHASE_STRIP = NO;
				DEBUG_INFORMATION_FORMAT = "dwarf-with-dsym";
				ENABLE_NS_ASSERTIONS = NO;
				ENABLE_STRICT_OBJC_MSGSEND = YES;
				GCC_C_LANGUAGE_STANDARD = gnu99;
				GCC_NO_COMMON_BLOCKS = YES;
				GCC_WARN_64_TO_32_BIT_CONVERSION = YES;
				GCC_WARN_ABOUT_RETURN_TYPE = YES_ERROR;
				GCC_WARN_UNDECLARED_SELECTOR = YES;
				GCC_WARN_UNINITIALIZED_AUTOS = YES_AGGRESSIVE;
				GCC_WARN_UNUSED_FUNCTION = YES;
				GCC_WARN_UNUSED_VARIABLE = YES;
				IPHONEOS_DEPLOYMENT_TARGET = 10.3;
				MTL_ENABLE_DEBUG_INFO = NO;
				SDKROOT = iphoneos;
				SWIFT_OPTIMIZATION_LEVEL = "-Owholemodule";
				TARGETED_DEVICE_FAMILY = "1,2";
				VALIDATE_PRODUCT = YES;
			};
			name = Release;
		};
		84D276671F0E2EA300551BCD /* Debug */ = {
			isa = XCBuildConfiguration;
			buildSettings = {
				ASSETCATALOG_COMPILER_APPICON_NAME = AppIcon;
				INFOPLIST_FILE = collectionView/Info.plist;
				LD_RUNPATH_SEARCH_PATHS = "$(inherited) @executable_path/Frameworks";
				PRODUCT_BUNDLE_IDENTIFIER = indosystem.collectionView;
				PRODUCT_NAME = "$(TARGET_NAME)";
				SWIFT_VERSION = 3.0;
			};
			name = Debug;
		};
		84D276681F0E2EA300551BCD /* Release */ = {
			isa = XCBuildConfiguration;
			buildSettings = {
				ASSETCATALOG_COMPILER_APPICON_NAME = AppIcon;
				INFOPLIST_FILE = collectionView/Info.plist;
				LD_RUNPATH_SEARCH_PATHS = "$(inherited) @executable_path/Frameworks";
				PRODUCT_BUNDLE_IDENTIFIER = indosystem.collectionView;
				PRODUCT_NAME = "$(TARGET_NAME)";
				SWIFT_VERSION = 3.0;
			};
			name = Release;
		};
		84D2766A1F0E2EA300551BCD /* Debug */ = {
			isa = XCBuildConfiguration;
			buildSettings = {
				ALWAYS_EMBED_SWIFT_STANDARD_LIBRARIES = YES;
				BUNDLE_LOADER = "$(TEST_HOST)";
				INFOPLIST_FILE = collectionViewTests/Info.plist;
				LD_RUNPATH_SEARCH_PATHS = "$(inherited) @executable_path/Frameworks @loader_path/Frameworks";
				PRODUCT_BUNDLE_IDENTIFIER = indosystem.collectionViewTests;
				PRODUCT_NAME = "$(TARGET_NAME)";
				SWIFT_VERSION = 3.0;
				TEST_HOST = "$(BUILT_PRODUCTS_DIR)/collectionView.app/collectionView";
			};
			name = Debug;
		};
		84D2766B1F0E2EA300551BCD /* Release */ = {
			isa = XCBuildConfiguration;
			buildSettings = {
				ALWAYS_EMBED_SWIFT_STANDARD_LIBRARIES = YES;
				BUNDLE_LOADER = "$(TEST_HOST)";
				INFOPLIST_FILE = collectionViewTests/Info.plist;
				LD_RUNPATH_SEARCH_PATHS = "$(inherited) @executable_path/Frameworks @loader_path/Frameworks";
				PRODUCT_BUNDLE_IDENTIFIER = indosystem.collectionViewTests;
				PRODUCT_NAME = "$(TARGET_NAME)";
				SWIFT_VERSION = 3.0;
				TEST_HOST = "$(BUILT_PRODUCTS_DIR)/collectionView.app/collectionView";
			};
			name = Release;
		};
		84D2766D1F0E2EA300551BCD /* Debug */ = {
			isa = XCBuildConfiguration;
			buildSettings = {
				ALWAYS_EMBED_SWIFT_STANDARD_LIBRARIES = YES;
				INFOPLIST_FILE = collectionViewUITests/Info.plist;
				LD_RUNPATH_SEARCH_PATHS = "$(inherited) @executable_path/Frameworks @loader_path/Frameworks";
				PRODUCT_BUNDLE_IDENTIFIER = indosystem.collectionViewUITests;
				PRODUCT_NAME = "$(TARGET_NAME)";
				SWIFT_VERSION = 3.0;
				TEST_TARGET_NAME = collectionView;
			};
			name = Debug;
		};
		84D2766E1F0E2EA300551BCD /* Release */ = {
			isa = XCBuildConfiguration;
			buildSettings = {
				ALWAYS_EMBED_SWIFT_STANDARD_LIBRARIES = YES;
				INFOPLIST_FILE = collectionViewUITests/Info.plist;
				LD_RUNPATH_SEARCH_PATHS = "$(inherited) @executable_path/Frameworks @loader_path/Frameworks";
				PRODUCT_BUNDLE_IDENTIFIER = indosystem.collectionViewUITests;
				PRODUCT_NAME = "$(TARGET_NAME)";
				SWIFT_VERSION = 3.0;
				TEST_TARGET_NAME = collectionView;
			};
			name = Release;
		};
/* End XCBuildConfiguration section */

/* Begin XCConfigurationList section */
		84D276391F0E2EA300551BCD /* Build configuration list for PBXProject "collectionView" */ = {
			isa = XCConfigurationList;
			buildConfigurations = (
				84D276641F0E2EA300551BCD /* Debug */,
				84D276651F0E2EA300551BCD /* Release */,
			);
			defaultConfigurationIsVisible = 0;
			defaultConfigurationName = Release;
		};
		84D276661F0E2EA300551BCD /* Build configuration list for PBXNativeTarget "collectionView" */ = {
			isa = XCConfigurationList;
			buildConfigurations = (
				84D276671F0E2EA300551BCD /* Debug */,
				84D276681F0E2EA300551BCD /* Release */,
			);
			defaultConfigurationIsVisible = 0;
		};
		84D276691F0E2EA300551BCD /* Build configuration list for PBXNativeTarget "collectionViewTests" */ = {
			isa = XCConfigurationList;
			buildConfigurations = (
				84D2766A1F0E2EA300551BCD /* Debug */,
				84D2766B1F0E2EA300551BCD /* Release */,
			);
			defaultConfigurationIsVisible = 0;
		};
		84D2766C1F0E2EA300551BCD /* Build configuration list for PBXNativeTarget "collectionViewUITests" */ = {
			isa = XCConfigurationList;
			buildConfigurations = (
				84D2766D1F0E2EA300551BCD /* Debug */,
				84D2766E1F0E2EA300551BCD /* Release */,
			);
			defaultConfigurationIsVisible = 0;
		};
/* End XCConfigurationList section */
	};
	rootObject = 84D276361F0E2EA300551BCD /* Project object */;
}
